
Microsoft Visual Studio Solution File, Format Version 12.00
# Visual Studio 15
Project("{FAE04EC0-301F-11D3-BF4B-00C04F79EFBC}") = "AKSKubeAuditReceiver", "AKSKubeAuditReceiver\AKSKubeAuditReceiver.csproj", "{3AFB700A-C808-496D-8FE3-D2F08FB9666D}"
EndProject
Project("{E53339B2-1760-4266-BCC7-CA923CBCF16C}") = "docker-compose", "docker-compose.dcproj", "{6176C83B-BC83-45FF-9CD6-90C9ACDC3E36}"
EndProject
Project("{FAE04EC0-301F-11D3-BF4B-00C04F79EFBC}") = "AKSKubeAuditTests", "AKSKubeAuditTests\AKSKubeAuditTests.csproj", "{4CCBAF84-7D1F-40C6-93A2-B01F64EE43D2}"
EndProject
Global
	GlobalSection(SolutionConfigurationPlatforms) = preSolution
		Debug|Any CPU = Debug|Any CPU
		Release|Any CPU = Release|Any CPU
	EndGlobalSection
	GlobalSection(ProjectConfigurationPlatforms) = postSolution
		{3AFB700A-C808-496D-8FE3-D2F08FB9666D}.Debug|Any CPU.ActiveCfg = Debug|Any CPU
		{3AFB700A-C808-496D-8FE3-D2F08FB9666D}.Debug|Any CPU.Build.0 = Debug|Any CPU
		{3AFB700A-C808-496D-8FE3-D2F08FB9666D}.Release|Any CPU.ActiveCfg = Release|Any CPU
		{3AFB700A-C808-496D-8FE3-D2F08FB9666D}.Release|Any CPU.Build.0 = Release|Any CPU
		{6176C83B-BC83-45FF-9CD6-90C9ACDC3E36}.Debug|Any CPU.ActiveCfg = Debug|Any CPU
		{6176C83B-BC83-45FF-9CD6-90C9ACDC3E36}.Debug|Any CPU.Build.0 = Debug|Any CPU
		{6176C83B-BC83-45FF-9CD6-90C9ACDC3E36}.Release|Any CPU.ActiveCfg = Release|Any CPU
		{6176C83B-BC83-45FF-9CD6-90C9ACDC3E36}.Release|Any CPU.Build.0 = Release|Any CPU
		{4CCBAF84-7D1F-40C6-93A2-B01F64EE43D2}.Debug|Any CPU.ActiveCfg = Debug|Any CPU
		{4CCBAF84-7D1F-40C6-93A2-B01F64EE43D2}.Debug|Any CPU.Build.0 = Debug|Any CPU
		{4CCBAF84-7D1F-40C6-93A2-B01F64EE43D2}.Release|Any CPU.ActiveCfg = Release|Any CPU
		{4CCBAF84-7D1F-40C6-93A2-B01F64EE43D2}.Release|Any CPU.Build.0 = Release|Any CPU
	EndGlobalSection
	GlobalSection(MonoDevelopProperties) = preSolution
		Policies = $0
		$0.DotNetNamingPolicy = $1
		$1.DirectoryNamespaceAssociation = PrefixedHierarchical
		$0.StandardHeader = $2
	EndGlobalSection
EndGlobal
